
Microsoft Visual Studio Solution File, Format Version 12.00
# Visual Studio Version 17
VisualStudioVersion = 17.0.31903.59
MinimumVisualStudioVersion = 10.0.40219.1
Project("{FAE04EC0-301F-11D3-BF4B-00C04F79EFBC}") = "HornetStudio.Editor", "src\HornetStudio.Editor\HornetStudio.Editor.csproj", "{3E8204E0-D26A-4F0E-8F9D-7805E55F9932}"
EndProject
Project("{FAE04EC0-301F-11D3-BF4B-00C04F79EFBC}") = "HornetStudio.Contracts", "src\HornetStudio.Contracts\HornetStudio.Contracts.csproj", "{5CE44207-0046-4205-AB4A-DBD11712193B}"
EndProject
Project("{FAE04EC0-301F-11D3-BF4B-00C04F79EFBC}") = "Amium.UdlClient", "src\Amium.UdlClient\Amium.UdlClient.csproj", "{A666FFFD-3A6B-4D09-B045-B848CC814A6D}"
EndProject
Project("{FAE04EC0-301F-11D3-BF4B-00C04F79EFBC}") = "Amium.Item", "src\Amium.Item\Amium.Item.csproj", "{E6B84D43-B6F0-4F61-8D4D-FAE3AA7D0D08}"
EndProject
Project("{FAE04EC0-301F-11D3-BF4B-00C04F79EFBC}") = "HornetStudio.Host", "src\HornetStudio.Host\HornetStudio.Host.csproj", "{7AE93D11-90E2-4C6B-B15F-75E871063CE4}"
EndProject
Project("{FAE04EC0-301F-11D3-BF4B-00C04F79EFBC}") = "HornetStudio", "src\HornetStudio\HornetStudio.csproj", "{D3DAA726-54AE-4F35-BA98-C52F7DBA4D60}"
EndProject
Project("{FAE04EC0-301F-11D3-BF4B-00C04F79EFBC}") = "HornetStudio.Host.Tests", "src\HornetStudio.Host.Tests\HornetStudio.Host.Tests.csproj", "{B6A469D0-B1CF-4F04-9807-0592A83EC037}"
EndProject
Project("{2150E333-8FDC-42A3-9474-1A3956D46DE8}") = "src", "src", "{827E0CD3-B72D-47B6-A68D-7590B98EB39B}"
EndProject
Project("{FAE04EC0-301F-11D3-BF4B-00C04F79EFBC}") = "Amium.ItemBroker", "src\Amium.ItemBroker\Amium.ItemBroker.csproj", "{1519C0F5-652C-4248-B037-0A425048D61C}"
EndProject
Project("{FAE04EC0-301F-11D3-BF4B-00C04F79EFBC}") = "Amium.ItemBroker.Service", "src\Amium.ItemBroker.Service\Amium.ItemBroker.Service.csproj", "{8C85E5A1-7AE4-4A8C-A398-90E53BB33962}"
EndProject
Project("{FAE04EC0-301F-11D3-BF4B-00C04F79EFBC}") = "Amium.ItemBroker.Tests", "src\Amium.ItemBroker.Tests\Amium.ItemBroker.Tests.csproj", "{219AB4AC-BCF1-4108-8647-4C644400EA9F}"
EndProject
Project("{FAE04EC0-301F-11D3-BF4B-00C04F79EFBC}") = "Amium.ItemBroker.Client", "src\Amium.ItemBroker.Client\Amium.ItemBroker.Client.csproj", "{840EE832-CCE5-41F3-B9FC-72F1800A4A47}"
EndProject
Project("{FAE04EC0-301F-11D3-BF4B-00C04F79EFBC}") = "Amium.ItemBroker.Mqtt", "src\Amium.ItemBroker.Mqtt\Amium.ItemBroker.Mqtt.csproj", "{CAD0C95A-1A34-4826-9945-CC982BDE08F3}"
EndProject
Project("{FAE04EC0-301F-11D3-BF4B-00C04F79EFBC}") = "Amium.ItemBroker.Mqtt.Client", "src\Amium.ItemBroker.Mqtt.Client\Amium.ItemBroker.Mqtt.Client.csproj", "{055A317A-EC95-4973-9C99-FA53675AD0B7}"
EndProject
Project("{FAE04EC0-301F-11D3-BF4B-00C04F79EFBC}") = "Amium.ItemBroker.MqttDemoClient", "src\Amium.ItemBroker.MqttDemoClient\Amium.ItemBroker.MqttDemoClient.csproj", "{1CA367C0-383A-46D8-AE45-036D4B0648AF}"
EndProject
Project("{FAE04EC0-301F-11D3-BF4B-00C04F79EFBC}") = "HornetStudio.Editor.Tests", "src\HornetStudio.Editor.Tests\HornetStudio.Editor.Tests.csproj", "{70B6CB1D-44A8-424B-B011-AD7080AEA070}"
EndProject
Global
	GlobalSection(SolutionConfigurationPlatforms) = preSolution
		Debug|Any CPU = Debug|Any CPU
		Debug|x64 = Debug|x64
		Debug|x86 = Debug|x86
		Release|Any CPU = Release|Any CPU
		Release|x64 = Release|x64
		Release|x86 = Release|x86
	EndGlobalSection
	GlobalSection(ProjectConfigurationPlatforms) = postSolution
		{3E8204E0-D26A-4F0E-8F9D-7805E55F9932}.Debug|Any CPU.ActiveCfg = Debug|Any CPU
		{3E8204E0-D26A-4F0E-8F9D-7805E55F9932}.Debug|Any CPU.Build.0 = Debug|Any CPU
		{3E8204E0-D26A-4F0E-8F9D-7805E55F9932}.Debug|x64.ActiveCfg = Debug|Any CPU
		{3E8204E0-D26A-4F0E-8F9D-7805E55F9932}.Debug|x64.Build.0 = Debug|Any CPU
		{3E8204E0-D26A-4F0E-8F9D-7805E55F9932}.Debug|x86.ActiveCfg = Debug|Any CPU
		{3E8204E0-D26A-4F0E-8F9D-7805E55F9932}.Debug|x86.Build.0 = Debug|Any CPU
		{3E8204E0-D26A-4F0E-8F9D-7805E55F9932}.Release|Any CPU.ActiveCfg = Release|Any CPU
		{3E8204E0-D26A-4F0E-8F9D-7805E55F9932}.Release|Any CPU.Build.0 = Release|Any CPU
		{3E8204E0-D26A-4F0E-8F9D-7805E55F9932}.Release|x64.ActiveCfg = Release|Any CPU
		{3E8204E0-D26A-4F0E-8F9D-7805E55F9932}.Release|x64.Build.0 = Release|Any CPU
		{3E8204E0-D26A-4F0E-8F9D-7805E55F9932}.Release|x86.ActiveCfg = Release|Any CPU
		{3E8204E0-D26A-4F0E-8F9D-7805E55F9932}.Release|x86.Build.0 = Release|Any CPU
		{5CE44207-0046-4205-AB4A-DBD11712193B}.Debug|Any CPU.ActiveCfg = Debug|Any CPU
		{5CE44207-0046-4205-AB4A-DBD11712193B}.Debug|Any CPU.Build.0 = Debug|Any CPU
		{5CE44207-0046-4205-AB4A-DBD11712193B}.Debug|x64.ActiveCfg = Debug|Any CPU
		{5CE44207-0046-4205-AB4A-DBD11712193B}.Debug|x64.Build.0 = Debug|Any CPU
		{5CE44207-0046-4205-AB4A-DBD11712193B}.Debug|x86.ActiveCfg = Debug|Any CPU
		{5CE44207-0046-4205-AB4A-DBD11712193B}.Debug|x86.Build.0 = Debug|Any CPU
		{5CE44207-0046-4205-AB4A-DBD11712193B}.Release|Any CPU.ActiveCfg = Release|Any CPU
		{5CE44207-0046-4205-AB4A-DBD11712193B}.Release|Any CPU.Build.0 = Release|Any CPU
		{5CE44207-0046-4205-AB4A-DBD11712193B}.Release|x64.ActiveCfg = Release|Any CPU
		{5CE44207-0046-4205-AB4A-DBD11712193B}.Release|x64.Build.0 = Release|Any CPU
		{5CE44207-0046-4205-AB4A-DBD11712193B}.Release|x86.ActiveCfg = Release|Any CPU
		{5CE44207-0046-4205-AB4A-DBD11712193B}.Release|x86.Build.0 = Release|Any CPU
		{A666FFFD-3A6B-4D09-B045-B848CC814A6D}.Debug|Any CPU.ActiveCfg = Debug|Any CPU
		{A666FFFD-3A6B-4D09-B045-B848CC814A6D}.Debug|Any CPU.Build.0 = Debug|Any CPU
		{A666FFFD-3A6B-4D09-B045-B848CC814A6D}.Debug|x64.ActiveCfg = Debug|Any CPU
		{A666FFFD-3A6B-4D09-B045-B848CC814A6D}.Debug|x64.Build.0 = Debug|Any CPU
		{A666FFFD-3A6B-4D09-B045-B848CC814A6D}.Debug|x86.ActiveCfg = Debug|Any CPU
		{A666FFFD-3A6B-4D09-B045-B848CC814A6D}.Debug|x86.Build.0 = Debug|Any CPU
		{A666FFFD-3A6B-4D09-B045-B848CC814A6D}.Release|Any CPU.ActiveCfg = Release|Any CPU
		{A666FFFD-3A6B-4D09-B045-B848CC814A6D}.Release|Any CPU.Build.0 = Release|Any CPU
		{A666FFFD-3A6B-4D09-B045-B848CC814A6D}.Release|x64.ActiveCfg = Release|Any CPU
		{A666FFFD-3A6B-4D09-B045-B848CC814A6D}.Release|x64.Build.0 = Release|Any CPU
		{A666FFFD-3A6B-4D09-B045-B848CC814A6D}.Release|x86.ActiveCfg = Release|Any CPU
		{A666FFFD-3A6B-4D09-B045-B848CC814A6D}.Release|x86.Build.0 = Release|Any CPU
		{E6B84D43-B6F0-4F61-8D4D-FAE3AA7D0D08}.Debug|Any CPU.ActiveCfg = Debug|Any CPU
		{E6B84D43-B6F0-4F61-8D4D-FAE3AA7D0D08}.Debug|Any CPU.Build.0 = Debug|Any CPU
		{E6B84D43-B6F0-4F61-8D4D-FAE3AA7D0D08}.Debug|x64.ActiveCfg = Debug|Any CPU
		{E6B84D43-B6F0-4F61-8D4D-FAE3AA7D0D08}.Debug|x64.Build.0 = Debug|Any CPU
		{E6B84D43-B6F0-4F61-8D4D-FAE3AA7D0D08}.Debug|x86.ActiveCfg = Debug|Any CPU
		{E6B84D43-B6F0-4F61-8D4D-FAE3AA7D0D08}.Debug|x86.Build.0 = Debug|Any CPU
		{E6B84D43-B6F0-4F61-8D4D-FAE3AA7D0D08}.Release|Any CPU.ActiveCfg = Release|Any CPU
		{E6B84D43-B6F0-4F61-8D4D-FAE3AA7D0D08}.Release|Any CPU.Build.0 = Release|Any CPU
		{E6B84D43-B6F0-4F61-8D4D-FAE3AA7D0D08}.Release|x64.ActiveCfg = Release|Any CPU
		{E6B84D43-B6F0-4F61-8D4D-FAE3AA7D0D08}.Release|x64.Build.0 = Release|Any CPU
		{E6B84D43-B6F0-4F61-8D4D-FAE3AA7D0D08}.Release|x86.ActiveCfg = Release|Any CPU
		{E6B84D43-B6F0-4F61-8D4D-FAE3AA7D0D08}.Release|x86.Build.0 = Release|Any CPU
		{7AE93D11-90E2-4C6B-B15F-75E871063CE4}.Debug|Any CPU.ActiveCfg = Debug|Any CPU
		{7AE93D11-90E2-4C6B-B15F-75E871063CE4}.Debug|Any CPU.Build.0 = Debug|Any CPU
		{7AE93D11-90E2-4C6B-B15F-75E871063CE4}.Debug|x64.ActiveCfg = Debug|Any CPU
		{7AE93D11-90E2-4C6B-B15F-75E871063CE4}.Debug|x64.Build.0 = Debug|Any CPU
		{7AE93D11-90E2-4C6B-B15F-75E871063CE4}.Debug|x86.ActiveCfg = Debug|Any CPU
		{7AE93D11-90E2-4C6B-B15F-75E871063CE4}.Debug|x86.Build.0 = Debug|Any CPU
		{7AE93D11-90E2-4C6B-B15F-75E871063CE4}.Release|Any CPU.ActiveCfg = Release|Any CPU
		{7AE93D11-90E2-4C6B-B15F-75E871063CE4}.Release|Any CPU.Build.0 = Release|Any CPU
		{7AE93D11-90E2-4C6B-B15F-75E871063CE4}.Release|x64.ActiveCfg = Release|Any CPU
		{7AE93D11-90E2-4C6B-B15F-75E871063CE4}.Release|x64.Build.0 = Release|Any CPU
		{7AE93D11-90E2-4C6B-B15F-75E871063CE4}.Release|x86.ActiveCfg = Release|Any CPU
		{7AE93D11-90E2-4C6B-B15F-75E871063CE4}.Release|x86.Build.0 = Release|Any CPU
		{D3DAA726-54AE-4F35-BA98-C52F7DBA4D60}.Debug|Any CPU.ActiveCfg = Debug|Any CPU
		{D3DAA726-54AE-4F35-BA98-C52F7DBA4D60}.Debug|Any CPU.Build.0 = Debug|Any CPU
		{D3DAA726-54AE-4F35-BA98-C52F7DBA4D60}.Debug|x64.ActiveCfg = Debug|Any CPU
		{D3DAA726-54AE-4F35-BA98-C52F7DBA4D60}.Debug|x64.Build.0 = Debug|Any CPU
		{D3DAA726-54AE-4F35-BA98-C52F7DBA4D60}.Debug|x86.ActiveCfg = Debug|Any CPU
		{D3DAA726-54AE-4F35-BA98-C52F7DBA4D60}.Debug|x86.Build.0 = Debug|Any CPU
		{D3DAA726-54AE-4F35-BA98-C52F7DBA4D60}.Release|Any CPU.ActiveCfg = Release|Any CPU
		{D3DAA726-54AE-4F35-BA98-C52F7DBA4D60}.Release|Any CPU.Build.0 = Release|Any CPU
		{D3DAA726-54AE-4F35-BA98-C52F7DBA4D60}.Release|x64.ActiveCfg = Release|Any CPU
		{D3DAA726-54AE-4F35-BA98-C52F7DBA4D60}.Release|x64.Build.0 = Release|Any CPU
		{D3DAA726-54AE-4F35-BA98-C52F7DBA4D60}.Release|x86.ActiveCfg = Release|Any CPU
		{D3DAA726-54AE-4F35-BA98-C52F7DBA4D60}.Release|x86.Build.0 = Release|Any CPU
		{B6A469D0-B1CF-4F04-9807-0592A83EC037}.Debug|Any CPU.ActiveCfg = Debug|Any CPU
		{B6A469D0-B1CF-4F04-9807-0592A83EC037}.Debug|Any CPU.Build.0 = Debug|Any CPU
		{B6A469D0-B1CF-4F04-9807-0592A83EC037}.Debug|x64.ActiveCfg = Debug|Any CPU
		{B6A469D0-B1CF-4F04-9807-0592A83EC037}.Debug|x64.Build.0 = Debug|Any CPU
		{B6A469D0-B1CF-4F04-9807-0592A83EC037}.Debug|x86.ActiveCfg = Debug|Any CPU
		{B6A469D0-B1CF-4F04-9807-0592A83EC037}.Debug|x86.Build.0 = Debug|Any CPU
		{B6A469D0-B1CF-4F04-9807-0592A83EC037}.Release|Any CPU.ActiveCfg = Release|Any CPU
		{B6A469D0-B1CF-4F04-9807-0592A83EC037}.Release|Any CPU.Build.0 = Release|Any CPU
		{B6A469D0-B1CF-4F04-9807-0592A83EC037}.Release|x64.ActiveCfg = Release|Any CPU
		{B6A469D0-B1CF-4F04-9807-0592A83EC037}.Release|x64.Build.0 = Release|Any CPU
		{B6A469D0-B1CF-4F04-9807-0592A83EC037}.Release|x86.ActiveCfg = Release|Any CPU
		{B6A469D0-B1CF-4F04-9807-0592A83EC037}.Release|x86.Build.0 = Release|Any CPU
		{1519C0F5-652C-4248-B037-0A425048D61C}.Debug|Any CPU.ActiveCfg = Debug|Any CPU
		{1519C0F5-652C-4248-B037-0A425048D61C}.Debug|Any CPU.Build.0 = Debug|Any CPU
		{1519C0F5-652C-4248-B037-0A425048D61C}.Debug|x64.ActiveCfg = Debug|Any CPU
		{1519C0F5-652C-4248-B037-0A425048D61C}.Debug|x64.Build.0 = Debug|Any CPU
		{1519C0F5-652C-4248-B037-0A425048D61C}.Debug|x86.ActiveCfg = Debug|Any CPU
		{1519C0F5-652C-4248-B037-0A425048D61C}.Debug|x86.Build.0 = Debug|Any CPU
		{1519C0F5-652C-4248-B037-0A425048D61C}.Release|Any CPU.ActiveCfg = Release|Any CPU
		{1519C0F5-652C-4248-B037-0A425048D61C}.Release|Any CPU.Build.0 = Release|Any CPU
		{1519C0F5-652C-4248-B037-0A425048D61C}.Release|x64.ActiveCfg = Release|Any CPU
		{1519C0F5-652C-4248-B037-0A425048D61C}.Release|x64.Build.0 = Release|Any CPU
		{1519C0F5-652C-4248-B037-0A425048D61C}.Release|x86.ActiveCfg = Release|Any CPU
		{1519C0F5-652C-4248-B037-0A425048D61C}.Release|x86.Build.0 = Release|Any CPU
		{8C85E5A1-7AE4-4A8C-A398-90E53BB33962}.Debug|Any CPU.ActiveCfg = Debug|Any CPU
		{8C85E5A1-7AE4-4A8C-A398-90E53BB33962}.Debug|Any CPU.Build.0 = Debug|Any CPU
		{8C85E5A1-7AE4-4A8C-A398-90E53BB33962}.Debug|x64.ActiveCfg = Debug|Any CPU
		{8C85E5A1-7AE4-4A8C-A398-90E53BB33962}.Debug|x64.Build.0 = Debug|Any CPU
		{8C85E5A1-7AE4-4A8C-A398-90E53BB33962}.Debug|x86.ActiveCfg = Debug|Any CPU
		{8C85E5A1-7AE4-4A8C-A398-90E53BB33962}.Debug|x86.Build.0 = Debug|Any CPU
		{8C85E5A1-7AE4-4A8C-A398-90E53BB33962}.Release|Any CPU.ActiveCfg = Release|Any CPU
		{8C85E5A1-7AE4-4A8C-A398-90E53BB33962}.Release|Any CPU.Build.0 = Release|Any CPU
		{8C85E5A1-7AE4-4A8C-A398-90E53BB33962}.Release|x64.ActiveCfg = Release|Any CPU
		{8C85E5A1-7AE4-4A8C-A398-90E53BB33962}.Release|x64.Build.0 = Release|Any CPU
		{8C85E5A1-7AE4-4A8C-A398-90E53BB33962}.Release|x86.ActiveCfg = Release|Any CPU
		{8C85E5A1-7AE4-4A8C-A398-90E53BB33962}.Release|x86.Build.0 = Release|Any CPU
		{219AB4AC-BCF1-4108-8647-4C644400EA9F}.Debug|Any CPU.ActiveCfg = Debug|Any CPU
		{219AB4AC-BCF1-4108-8647-4C644400EA9F}.Debug|Any CPU.Build.0 = Debug|Any CPU
		{219AB4AC-BCF1-4108-8647-4C644400EA9F}.Debug|x64.ActiveCfg = Debug|Any CPU
		{219AB4AC-BCF1-4108-8647-4C644400EA9F}.Debug|x64.Build.0 = Debug|Any CPU
		{219AB4AC-BCF1-4108-8647-4C644400EA9F}.Debug|x86.ActiveCfg = Debug|Any CPU
		{219AB4AC-BCF1-4108-8647-4C644400EA9F}.Debug|x86.Build.0 = Debug|Any CPU
		{219AB4AC-BCF1-4108-8647-4C644400EA9F}.Release|Any CPU.ActiveCfg = Release|Any CPU
		{219AB4AC-BCF1-4108-8647-4C644400EA9F}.Release|Any CPU.Build.0 = Release|Any CPU
		{219AB4AC-BCF1-4108-8647-4C644400EA9F}.Release|x64.ActiveCfg = Release|Any CPU
		{219AB4AC-BCF1-4108-8647-4C644400EA9F}.Release|x64.Build.0 = Release|Any CPU
		{219AB4AC-BCF1-4108-8647-4C644400EA9F}.Release|x86.ActiveCfg = Release|Any CPU
		{219AB4AC-BCF1-4108-8647-4C644400EA9F}.Release|x86.Build.0 = Release|Any CPU
		{840EE832-CCE5-41F3-B9FC-72F1800A4A47}.Debug|Any CPU.ActiveCfg = Debug|Any CPU
		{840EE832-CCE5-41F3-B9FC-72F1800A4A47}.Debug|Any CPU.Build.0 = Debug|Any CPU
		{840EE832-CCE5-41F3-B9FC-72F1800A4A47}.Debug|x64.ActiveCfg = Debug|Any CPU
		{840EE832-CCE5-41F3-B9FC-72F1800A4A47}.Debug|x64.Build.0 = Debug|Any CPU
		{840EE832-CCE5-41F3-B9FC-72F1800A4A47}.Debug|x86.ActiveCfg = Debug|Any CPU
		{840EE832-CCE5-41F3-B9FC-72F1800A4A47}.Debug|x86.Build.0 = Debug|Any CPU
		{840EE832-CCE5-41F3-B9FC-72F1800A4A47}.Release|Any CPU.ActiveCfg = Release|Any CPU
		{840EE832-CCE5-41F3-B9FC-72F1800A4A47}.Release|Any CPU.Build.0 = Release|Any CPU
		{840EE832-CCE5-41F3-B9FC-72F1800A4A47}.Release|x64.ActiveCfg = Release|Any CPU
		{840EE832-CCE5-41F3-B9FC-72F1800A4A47}.Release|x64.Build.0 = Release|Any CPU
		{840EE832-CCE5-41F3-B9FC-72F1800A4A47}.Release|x86.ActiveCfg = Release|Any CPU
		{840EE832-CCE5-41F3-B9FC-72F1800A4A47}.Release|x86.Build.0 = Release|Any CPU
		{CAD0C95A-1A34-4826-9945-CC982BDE08F3}.Debug|Any CPU.ActiveCfg = Debug|Any CPU
		{CAD0C95A-1A34-4826-9945-CC982BDE08F3}.Debug|Any CPU.Build.0 = Debug|Any CPU
		{CAD0C95A-1A34-4826-9945-CC982BDE08F3}.Debug|x64.ActiveCfg = Debug|Any CPU
		{CAD0C95A-1A34-4826-9945-CC982BDE08F3}.Debug|x64.Build.0 = Debug|Any CPU
		{CAD0C95A-1A34-4826-9945-CC982BDE08F3}.Debug|x86.ActiveCfg = Debug|Any CPU
		{CAD0C95A-1A34-4826-9945-CC982BDE08F3}.Debug|x86.Build.0 = Debug|Any CPU
		{CAD0C95A-1A34-4826-9945-CC982BDE08F3}.Release|Any CPU.ActiveCfg = Release|Any CPU
		{CAD0C95A-1A34-4826-9945-CC982BDE08F3}.Release|Any CPU.Build.0 = Release|Any CPU
		{CAD0C95A-1A34-4826-9945-CC982BDE08F3}.Release|x64.ActiveCfg = Release|Any CPU
		{CAD0C95A-1A34-4826-9945-CC982BDE08F3}.Release|x64.Build.0 = Release|Any CPU
		{CAD0C95A-1A34-4826-9945-CC982BDE08F3}.Release|x86.ActiveCfg = Release|Any CPU
		{CAD0C95A-1A34-4826-9945-CC982BDE08F3}.Release|x86.Build.0 = Release|Any CPU
		{055A317A-EC95-4973-9C99-FA53675AD0B7}.Debug|Any CPU.ActiveCfg = Debug|Any CPU
		{055A317A-EC95-4973-9C99-FA53675AD0B7}.Debug|Any CPU.Build.0 = Debug|Any CPU
		{055A317A-EC95-4973-9C99-FA53675AD0B7}.Debug|x64.ActiveCfg = Debug|Any CPU
		{055A317A-EC95-4973-9C99-FA53675AD0B7}.Debug|x64.Build.0 = Debug|Any CPU
		{055A317A-EC95-4973-9C99-FA53675AD0B7}.Debug|x86.ActiveCfg = Debug|Any CPU
		{055A317A-EC95-4973-9C99-FA53675AD0B7}.Debug|x86.Build.0 = Debug|Any CPU
		{055A317A-EC95-4973-9C99-FA53675AD0B7}.Release|Any CPU.ActiveCfg = Release|Any CPU
		{055A317A-EC95-4973-9C99-FA53675AD0B7}.Release|Any CPU.Build.0 = Release|Any CPU
		{055A317A-EC95-4973-9C99-FA53675AD0B7}.Release|x64.ActiveCfg = Release|Any CPU
		{055A317A-EC95-4973-9C99-FA53675AD0B7}.Release|x64.Build.0 = Release|Any CPU
		{055A317A-EC95-4973-9C99-FA53675AD0B7}.Release|x86.ActiveCfg = Release|Any CPU
		{055A317A-EC95-4973-9C99-FA53675AD0B7}.Release|x86.Build.0 = Release|Any CPU
		{1CA367C0-383A-46D8-AE45-036D4B0648AF}.Debug|Any CPU.ActiveCfg = Debug|Any CPU
		{1CA367C0-383A-46D8-AE45-036D4B0648AF}.Debug|Any CPU.Build.0 = Debug|Any CPU
		{1CA367C0-383A-46D8-AE45-036D4B0648AF}.Debug|x64.ActiveCfg = Debug|Any CPU
		{1CA367C0-383A-46D8-AE45-036D4B0648AF}.Debug|x64.Build.0 = Debug|Any CPU
		{1CA367C0-383A-46D8-AE45-036D4B0648AF}.Debug|x86.ActiveCfg = Debug|Any CPU
		{1CA367C0-383A-46D8-AE45-036D4B0648AF}.Debug|x86.Build.0 = Debug|Any CPU
		{1CA367C0-383A-46D8-AE45-036D4B0648AF}.Release|Any CPU.ActiveCfg = Release|Any CPU
		{1CA367C0-383A-46D8-AE45-036D4B0648AF}.Release|Any CPU.Build.0 = Release|Any CPU
		{1CA367C0-383A-46D8-AE45-036D4B0648AF}.Release|x64.ActiveCfg = Release|Any CPU
		{1CA367C0-383A-46D8-AE45-036D4B0648AF}.Release|x64.Build.0 = Release|Any CPU
		{1CA367C0-383A-46D8-AE45-036D4B0648AF}.Release|x86.ActiveCfg = Release|Any CPU
		{1CA367C0-383A-46D8-AE45-036D4B0648AF}.Release|x86.Build.0 = Release|Any CPU
		{70B6CB1D-44A8-424B-B011-AD7080AEA070}.Debug|Any CPU.ActiveCfg = Debug|Any CPU
		{70B6CB1D-44A8-424B-B011-AD7080AEA070}.Debug|Any CPU.Build.0 = Debug|Any CPU
		{70B6CB1D-44A8-424B-B011-AD7080AEA070}.Debug|x64.ActiveCfg = Debug|Any CPU
		{70B6CB1D-44A8-424B-B011-AD7080AEA070}.Debug|x64.Build.0 = Debug|Any CPU
		{70B6CB1D-44A8-424B-B011-AD7080AEA070}.Debug|x86.ActiveCfg = Debug|Any CPU
		{70B6CB1D-44A8-424B-B011-AD7080AEA070}.Debug|x86.Build.0 = Debug|Any CPU
		{70B6CB1D-44A8-424B-B011-AD7080AEA070}.Release|Any CPU.ActiveCfg = Release|Any CPU
		{70B6CB1D-44A8-424B-B011-AD7080AEA070}.Release|Any CPU.Build.0 = Release|Any CPU
		{70B6CB1D-44A8-424B-B011-AD7080AEA070}.Release|x64.ActiveCfg = Release|Any CPU
		{70B6CB1D-44A8-424B-B011-AD7080AEA070}.Release|x64.Build.0 = Release|Any CPU
		{70B6CB1D-44A8-424B-B011-AD7080AEA070}.Release|x86.ActiveCfg = Release|Any CPU
		{70B6CB1D-44A8-424B-B011-AD7080AEA070}.Release|x86.Build.0 = Release|Any CPU
	EndGlobalSection
	GlobalSection(SolutionProperties) = preSolution
		HideSolutionNode = FALSE
	EndGlobalSection
	GlobalSection(NestedProjects) = preSolution
		{1519C0F5-652C-4248-B037-0A425048D61C} = {827E0CD3-B72D-47B6-A68D-7590B98EB39B}
		{8C85E5A1-7AE4-4A8C-A398-90E53BB33962} = {827E0CD3-B72D-47B6-A68D-7590B98EB39B}
		{219AB4AC-BCF1-4108-8647-4C644400EA9F} = {827E0CD3-B72D-47B6-A68D-7590B98EB39B}
		{840EE832-CCE5-41F3-B9FC-72F1800A4A47} = {827E0CD3-B72D-47B6-A68D-7590B98EB39B}
		{CAD0C95A-1A34-4826-9945-CC982BDE08F3} = {827E0CD3-B72D-47B6-A68D-7590B98EB39B}
		{055A317A-EC95-4973-9C99-FA53675AD0B7} = {827E0CD3-B72D-47B6-A68D-7590B98EB39B}
		{1CA367C0-383A-46D8-AE45-036D4B0648AF} = {827E0CD3-B72D-47B6-A68D-7590B98EB39B}
		{70B6CB1D-44A8-424B-B011-AD7080AEA070} = {827E0CD3-B72D-47B6-A68D-7590B98EB39B}
	EndGlobalSection
EndGlobal
