
Microsoft Visual Studio Solution File, Format Version 12.00
# Visual Studio Version 17
VisualStudioVersion = 17.0.31903.59
MinimumVisualStudioVersion = 10.0.40219.1
Project("{2150E333-8FDC-42A3-9474-1A3956D46DE8}") = "src", "src", "{827E0CD3-B72D-47B6-A68D-7590B98EB39B}"
EndProject
Project("{FAE04EC0-301F-11D3-BF4B-00C04F79EFBC}") = "Amium.Item", "src\Amium.Item\Amium.Item.csproj", "{C905939D-4252-4076-AE12-CA9A4179E182}"
EndProject
Project("{FAE04EC0-301F-11D3-BF4B-00C04F79EFBC}") = "Amium.Item.Server", "src\Amium.Item.Server\Amium.Item.Server.csproj", "{C0214E42-7168-41A8-BAC2-226A8424ECD5}"
EndProject
Project("{FAE04EC0-301F-11D3-BF4B-00C04F79EFBC}") = "Amium.Item.Client", "src\Amium.Item.Client\Amium.Item.Client.csproj", "{E9D705E5-15AE-46B2-861C-E025F7DAE829}"
EndProject
Project("{FAE04EC0-301F-11D3-BF4B-00C04F79EFBC}") = "Amium.Item.Mesh", "src\Amium.Item.Mesh\Amium.Item.Mesh.csproj", "{27A53B91-D4F9-4FFE-AD95-27D9FA7F18C8}"
EndProject
Project("{2150E333-8FDC-42A3-9474-1A3956D46DE8}") = "tests", "tests", "{0AB3BF05-4346-4AA6-1389-037BE0695223}"
EndProject
Project("{FAE04EC0-301F-11D3-BF4B-00C04F79EFBC}") = "Amium.Item.Server.Tests", "tests\Amium.Item.Server.Tests\Amium.Item.Server.Tests.csproj", "{BA7B9784-697F-4C23-8959-1CDEADCC1578}"
EndProject
Project("{2150E333-8FDC-42A3-9474-1A3956D46DE8}") = "samples", "samples", "{5D20AA90-6969-D8BD-9DCD-8634F4692FDA}"
EndProject
Project("{FAE04EC0-301F-11D3-BF4B-00C04F79EFBC}") = "Amium.Item.Client.MqttDemoClient", "samples\Amium.Item.Client.MqttDemoClient\Amium.Item.Client.MqttDemoClient.csproj", "{7DC35BAB-3EC8-4F90-B4D1-A0E3C0933135}"
EndProject
Project("{FAE04EC0-301F-11D3-BF4B-00C04F79EFBC}") = "Amium.Item.Client.MqttDemoWinForms", "samples\Amium.Item.Client.MqttDemoWinForms\Amium.Item.Client.MqttDemoWinForms.csproj", "{91ABAB3C-0EF5-4053-BF05-207006C9721C}"
EndProject
Project("{FAE04EC0-301F-11D3-BF4B-00C04F79EFBC}") = "amium_item_server_multimaster_demo", "samples\amium_item_server_multimaster_demo\amium_item_server_multimaster_demo.csproj", "{8D8E8FC6-A990-4524-9876-534AAFEC12B9}"
EndProject
Project("{2150E333-8FDC-42A3-9474-1A3956D46DE8}") = "tools", "tools", "{07C2787E-EAC7-C090-1BA3-A61EC2A24D84}"
EndProject
Project("{2150E333-8FDC-42A3-9474-1A3956D46DE8}") = "amium_item_server_host", "amium_item_server_host", "{0B21FB7B-3555-8D46-0E33-1331B0AF7134}"
EndProject
Project("{FAE04EC0-301F-11D3-BF4B-00C04F79EFBC}") = "Amium.Item.Server.Host", "tools\amium_item_server_host\Amium.Item.Server.Host.csproj", "{6920563C-F139-49FA-BE1F-17EE3E366215}"
EndProject
Project("{FAE04EC0-301F-11D3-BF4B-00C04F79EFBC}") = "amium_itembroker_mqtt_stress_test", "tools\amium_itembroker_mqtt_stress_test\amium_itembroker_mqtt_stress_test.csproj", "{9A15176F-4F5F-4EB9-ABAD-2D60650756B5}"
EndProject
Project("{2150E333-8FDC-42A3-9474-1A3956D46DE8}") = "item_server_monitor", "item_server_monitor", "{1C900189-F2D2-D9C4-1693-B869B09761E9}"
EndProject
Project("{FAE04EC0-301F-11D3-BF4B-00C04F79EFBC}") = "Item.Server.Monitor", "tools\item_server_monitor\Item.Server.Monitor.csproj", "{BF023CC7-B3F3-4683-9B8C-23D37F2FF079}"
EndProject
Project("{FAE04EC0-301F-11D3-BF4B-00C04F79EFBC}") = "HornetStudio.Host", "src\HornetStudio.Host\HornetStudio.Host.csproj", "{60969680-9FA5-4549-96A8-B8A89E784322}"
EndProject
Project("{FAE04EC0-301F-11D3-BF4B-00C04F79EFBC}") = "HornetStudio.Contracts", "src\HornetStudio.Contracts\HornetStudio.Contracts.csproj", "{8156FA81-4AEC-42B3-B8D8-9FB7E83AE56C}"
EndProject
Global
	GlobalSection(SolutionConfigurationPlatforms) = preSolution
		Debug|Any CPU = Debug|Any CPU
		Debug|x64 = Debug|x64
		Debug|x86 = Debug|x86
		Release|Any CPU = Release|Any CPU
		Release|x64 = Release|x64
		Release|x86 = Release|x86
	EndGlobalSection
	GlobalSection(ProjectConfigurationPlatforms) = postSolution
		{C905939D-4252-4076-AE12-CA9A4179E182}.Debug|Any CPU.ActiveCfg = Debug|Any CPU
		{C905939D-4252-4076-AE12-CA9A4179E182}.Debug|Any CPU.Build.0 = Debug|Any CPU
		{C905939D-4252-4076-AE12-CA9A4179E182}.Debug|x64.ActiveCfg = Debug|Any CPU
		{C905939D-4252-4076-AE12-CA9A4179E182}.Debug|x64.Build.0 = Debug|Any CPU
		{C905939D-4252-4076-AE12-CA9A4179E182}.Debug|x86.ActiveCfg = Debug|Any CPU
		{C905939D-4252-4076-AE12-CA9A4179E182}.Debug|x86.Build.0 = Debug|Any CPU
		{C905939D-4252-4076-AE12-CA9A4179E182}.Release|Any CPU.ActiveCfg = Release|Any CPU
		{C905939D-4252-4076-AE12-CA9A4179E182}.Release|Any CPU.Build.0 = Release|Any CPU
		{C905939D-4252-4076-AE12-CA9A4179E182}.Release|x64.ActiveCfg = Release|Any CPU
		{C905939D-4252-4076-AE12-CA9A4179E182}.Release|x64.Build.0 = Release|Any CPU
		{C905939D-4252-4076-AE12-CA9A4179E182}.Release|x86.ActiveCfg = Release|Any CPU
		{C905939D-4252-4076-AE12-CA9A4179E182}.Release|x86.Build.0 = Release|Any CPU
		{C0214E42-7168-41A8-BAC2-226A8424ECD5}.Debug|Any CPU.ActiveCfg = Debug|Any CPU
		{C0214E42-7168-41A8-BAC2-226A8424ECD5}.Debug|Any CPU.Build.0 = Debug|Any CPU
		{C0214E42-7168-41A8-BAC2-226A8424ECD5}.Debug|x64.ActiveCfg = Debug|Any CPU
		{C0214E42-7168-41A8-BAC2-226A8424ECD5}.Debug|x64.Build.0 = Debug|Any CPU
		{C0214E42-7168-41A8-BAC2-226A8424ECD5}.Debug|x86.ActiveCfg = Debug|Any CPU
		{C0214E42-7168-41A8-BAC2-226A8424ECD5}.Debug|x86.Build.0 = Debug|Any CPU
		{C0214E42-7168-41A8-BAC2-226A8424ECD5}.Release|Any CPU.ActiveCfg = Release|Any CPU
		{C0214E42-7168-41A8-BAC2-226A8424ECD5}.Release|Any CPU.Build.0 = Release|Any CPU
		{C0214E42-7168-41A8-BAC2-226A8424ECD5}.Release|x64.ActiveCfg = Release|Any CPU
		{C0214E42-7168-41A8-BAC2-226A8424ECD5}.Release|x64.Build.0 = Release|Any CPU
		{C0214E42-7168-41A8-BAC2-226A8424ECD5}.Release|x86.ActiveCfg = Release|Any CPU
		{C0214E42-7168-41A8-BAC2-226A8424ECD5}.Release|x86.Build.0 = Release|Any CPU
		{E9D705E5-15AE-46B2-861C-E025F7DAE829}.Debug|Any CPU.ActiveCfg = Debug|Any CPU
		{E9D705E5-15AE-46B2-861C-E025F7DAE829}.Debug|Any CPU.Build.0 = Debug|Any CPU
		{E9D705E5-15AE-46B2-861C-E025F7DAE829}.Debug|x64.ActiveCfg = Debug|Any CPU
		{E9D705E5-15AE-46B2-861C-E025F7DAE829}.Debug|x64.Build.0 = Debug|Any CPU
		{E9D705E5-15AE-46B2-861C-E025F7DAE829}.Debug|x86.ActiveCfg = Debug|Any CPU
		{E9D705E5-15AE-46B2-861C-E025F7DAE829}.Debug|x86.Build.0 = Debug|Any CPU
		{E9D705E5-15AE-46B2-861C-E025F7DAE829}.Release|Any CPU.ActiveCfg = Release|Any CPU
		{E9D705E5-15AE-46B2-861C-E025F7DAE829}.Release|Any CPU.Build.0 = Release|Any CPU
		{E9D705E5-15AE-46B2-861C-E025F7DAE829}.Release|x64.ActiveCfg = Release|Any CPU
		{E9D705E5-15AE-46B2-861C-E025F7DAE829}.Release|x64.Build.0 = Release|Any CPU
		{E9D705E5-15AE-46B2-861C-E025F7DAE829}.Release|x86.ActiveCfg = Release|Any CPU
		{E9D705E5-15AE-46B2-861C-E025F7DAE829}.Release|x86.Build.0 = Release|Any CPU
		{27A53B91-D4F9-4FFE-AD95-27D9FA7F18C8}.Debug|Any CPU.ActiveCfg = Debug|Any CPU
		{27A53B91-D4F9-4FFE-AD95-27D9FA7F18C8}.Debug|Any CPU.Build.0 = Debug|Any CPU
		{27A53B91-D4F9-4FFE-AD95-27D9FA7F18C8}.Debug|x64.ActiveCfg = Debug|Any CPU
		{27A53B91-D4F9-4FFE-AD95-27D9FA7F18C8}.Debug|x64.Build.0 = Debug|Any CPU
		{27A53B91-D4F9-4FFE-AD95-27D9FA7F18C8}.Debug|x86.ActiveCfg = Debug|Any CPU
		{27A53B91-D4F9-4FFE-AD95-27D9FA7F18C8}.Debug|x86.Build.0 = Debug|Any CPU
		{27A53B91-D4F9-4FFE-AD95-27D9FA7F18C8}.Release|Any CPU.ActiveCfg = Release|Any CPU
		{27A53B91-D4F9-4FFE-AD95-27D9FA7F18C8}.Release|Any CPU.Build.0 = Release|Any CPU
		{27A53B91-D4F9-4FFE-AD95-27D9FA7F18C8}.Release|x64.ActiveCfg = Release|Any CPU
		{27A53B91-D4F9-4FFE-AD95-27D9FA7F18C8}.Release|x64.Build.0 = Release|Any CPU
		{27A53B91-D4F9-4FFE-AD95-27D9FA7F18C8}.Release|x86.ActiveCfg = Release|Any CPU
		{27A53B91-D4F9-4FFE-AD95-27D9FA7F18C8}.Release|x86.Build.0 = Release|Any CPU
		{BA7B9784-697F-4C23-8959-1CDEADCC1578}.Debug|Any CPU.ActiveCfg = Debug|Any CPU
		{BA7B9784-697F-4C23-8959-1CDEADCC1578}.Debug|Any CPU.Build.0 = Debug|Any CPU
		{BA7B9784-697F-4C23-8959-1CDEADCC1578}.Debug|x64.ActiveCfg = Debug|Any CPU
		{BA7B9784-697F-4C23-8959-1CDEADCC1578}.Debug|x64.Build.0 = Debug|Any CPU
		{BA7B9784-697F-4C23-8959-1CDEADCC1578}.Debug|x86.ActiveCfg = Debug|Any CPU
		{BA7B9784-697F-4C23-8959-1CDEADCC1578}.Debug|x86.Build.0 = Debug|Any CPU
		{BA7B9784-697F-4C23-8959-1CDEADCC1578}.Release|Any CPU.ActiveCfg = Release|Any CPU
		{BA7B9784-697F-4C23-8959-1CDEADCC1578}.Release|Any CPU.Build.0 = Release|Any CPU
		{BA7B9784-697F-4C23-8959-1CDEADCC1578}.Release|x64.ActiveCfg = Release|Any CPU
		{BA7B9784-697F-4C23-8959-1CDEADCC1578}.Release|x64.Build.0 = Release|Any CPU
		{BA7B9784-697F-4C23-8959-1CDEADCC1578}.Release|x86.ActiveCfg = Release|Any CPU
		{BA7B9784-697F-4C23-8959-1CDEADCC1578}.Release|x86.Build.0 = Release|Any CPU
		{7DC35BAB-3EC8-4F90-B4D1-A0E3C0933135}.Debug|Any CPU.ActiveCfg = Debug|Any CPU
		{7DC35BAB-3EC8-4F90-B4D1-A0E3C0933135}.Debug|Any CPU.Build.0 = Debug|Any CPU
		{7DC35BAB-3EC8-4F90-B4D1-A0E3C0933135}.Debug|x64.ActiveCfg = Debug|Any CPU
		{7DC35BAB-3EC8-4F90-B4D1-A0E3C0933135}.Debug|x64.Build.0 = Debug|Any CPU
		{7DC35BAB-3EC8-4F90-B4D1-A0E3C0933135}.Debug|x86.ActiveCfg = Debug|Any CPU
		{7DC35BAB-3EC8-4F90-B4D1-A0E3C0933135}.Debug|x86.Build.0 = Debug|Any CPU
		{7DC35BAB-3EC8-4F90-B4D1-A0E3C0933135}.Release|Any CPU.ActiveCfg = Release|Any CPU
		{7DC35BAB-3EC8-4F90-B4D1-A0E3C0933135}.Release|Any CPU.Build.0 = Release|Any CPU
		{7DC35BAB-3EC8-4F90-B4D1-A0E3C0933135}.Release|x64.ActiveCfg = Release|Any CPU
		{7DC35BAB-3EC8-4F90-B4D1-A0E3C0933135}.Release|x64.Build.0 = Release|Any CPU
		{7DC35BAB-3EC8-4F90-B4D1-A0E3C0933135}.Release|x86.ActiveCfg = Release|Any CPU
		{7DC35BAB-3EC8-4F90-B4D1-A0E3C0933135}.Release|x86.Build.0 = Release|Any CPU
		{91ABAB3C-0EF5-4053-BF05-207006C9721C}.Debug|Any CPU.ActiveCfg = Debug|Any CPU
		{91ABAB3C-0EF5-4053-BF05-207006C9721C}.Debug|Any CPU.Build.0 = Debug|Any CPU
		{91ABAB3C-0EF5-4053-BF05-207006C9721C}.Debug|x64.ActiveCfg = Debug|Any CPU
		{91ABAB3C-0EF5-4053-BF05-207006C9721C}.Debug|x64.Build.0 = Debug|Any CPU
		{91ABAB3C-0EF5-4053-BF05-207006C9721C}.Debug|x86.ActiveCfg = Debug|Any CPU
		{91ABAB3C-0EF5-4053-BF05-207006C9721C}.Debug|x86.Build.0 = Debug|Any CPU
		{91ABAB3C-0EF5-4053-BF05-207006C9721C}.Release|Any CPU.ActiveCfg = Release|Any CPU
		{91ABAB3C-0EF5-4053-BF05-207006C9721C}.Release|Any CPU.Build.0 = Release|Any CPU
		{91ABAB3C-0EF5-4053-BF05-207006C9721C}.Release|x64.ActiveCfg = Release|Any CPU
		{91ABAB3C-0EF5-4053-BF05-207006C9721C}.Release|x64.Build.0 = Release|Any CPU
		{91ABAB3C-0EF5-4053-BF05-207006C9721C}.Release|x86.ActiveCfg = Release|Any CPU
		{91ABAB3C-0EF5-4053-BF05-207006C9721C}.Release|x86.Build.0 = Release|Any CPU
		{8D8E8FC6-A990-4524-9876-534AAFEC12B9}.Debug|Any CPU.ActiveCfg = Debug|Any CPU
		{8D8E8FC6-A990-4524-9876-534AAFEC12B9}.Debug|Any CPU.Build.0 = Debug|Any CPU
		{8D8E8FC6-A990-4524-9876-534AAFEC12B9}.Debug|x64.ActiveCfg = Debug|Any CPU
		{8D8E8FC6-A990-4524-9876-534AAFEC12B9}.Debug|x64.Build.0 = Debug|Any CPU
		{8D8E8FC6-A990-4524-9876-534AAFEC12B9}.Debug|x86.ActiveCfg = Debug|Any CPU
		{8D8E8FC6-A990-4524-9876-534AAFEC12B9}.Debug|x86.Build.0 = Debug|Any CPU
		{8D8E8FC6-A990-4524-9876-534AAFEC12B9}.Release|Any CPU.ActiveCfg = Release|Any CPU
		{8D8E8FC6-A990-4524-9876-534AAFEC12B9}.Release|Any CPU.Build.0 = Release|Any CPU
		{8D8E8FC6-A990-4524-9876-534AAFEC12B9}.Release|x64.ActiveCfg = Release|Any CPU
		{8D8E8FC6-A990-4524-9876-534AAFEC12B9}.Release|x64.Build.0 = Release|Any CPU
		{8D8E8FC6-A990-4524-9876-534AAFEC12B9}.Release|x86.ActiveCfg = Release|Any CPU
		{8D8E8FC6-A990-4524-9876-534AAFEC12B9}.Release|x86.Build.0 = Release|Any CPU
		{6920563C-F139-49FA-BE1F-17EE3E366215}.Debug|Any CPU.ActiveCfg = Debug|Any CPU
		{6920563C-F139-49FA-BE1F-17EE3E366215}.Debug|Any CPU.Build.0 = Debug|Any CPU
		{6920563C-F139-49FA-BE1F-17EE3E366215}.Debug|x64.ActiveCfg = Debug|Any CPU
		{6920563C-F139-49FA-BE1F-17EE3E366215}.Debug|x64.Build.0 = Debug|Any CPU
		{6920563C-F139-49FA-BE1F-17EE3E366215}.Debug|x86.ActiveCfg = Debug|Any CPU
		{6920563C-F139-49FA-BE1F-17EE3E366215}.Debug|x86.Build.0 = Debug|Any CPU
		{6920563C-F139-49FA-BE1F-17EE3E366215}.Release|Any CPU.ActiveCfg = Release|Any CPU
		{6920563C-F139-49FA-BE1F-17EE3E366215}.Release|Any CPU.Build.0 = Release|Any CPU
		{6920563C-F139-49FA-BE1F-17EE3E366215}.Release|x64.ActiveCfg = Release|Any CPU
		{6920563C-F139-49FA-BE1F-17EE3E366215}.Release|x64.Build.0 = Release|Any CPU
		{6920563C-F139-49FA-BE1F-17EE3E366215}.Release|x86.ActiveCfg = Release|Any CPU
		{6920563C-F139-49FA-BE1F-17EE3E366215}.Release|x86.Build.0 = Release|Any CPU
		{9A15176F-4F5F-4EB9-ABAD-2D60650756B5}.Debug|Any CPU.ActiveCfg = Debug|Any CPU
		{9A15176F-4F5F-4EB9-ABAD-2D60650756B5}.Debug|Any CPU.Build.0 = Debug|Any CPU
		{9A15176F-4F5F-4EB9-ABAD-2D60650756B5}.Debug|x64.ActiveCfg = Debug|Any CPU
		{9A15176F-4F5F-4EB9-ABAD-2D60650756B5}.Debug|x64.Build.0 = Debug|Any CPU
		{9A15176F-4F5F-4EB9-ABAD-2D60650756B5}.Debug|x86.ActiveCfg = Debug|Any CPU
		{9A15176F-4F5F-4EB9-ABAD-2D60650756B5}.Debug|x86.Build.0 = Debug|Any CPU
		{9A15176F-4F5F-4EB9-ABAD-2D60650756B5}.Release|Any CPU.ActiveCfg = Release|Any CPU
		{9A15176F-4F5F-4EB9-ABAD-2D60650756B5}.Release|Any CPU.Build.0 = Release|Any CPU
		{9A15176F-4F5F-4EB9-ABAD-2D60650756B5}.Release|x64.ActiveCfg = Release|Any CPU
		{9A15176F-4F5F-4EB9-ABAD-2D60650756B5}.Release|x64.Build.0 = Release|Any CPU
		{9A15176F-4F5F-4EB9-ABAD-2D60650756B5}.Release|x86.ActiveCfg = Release|Any CPU
		{9A15176F-4F5F-4EB9-ABAD-2D60650756B5}.Release|x86.Build.0 = Release|Any CPU
		{BF023CC7-B3F3-4683-9B8C-23D37F2FF079}.Debug|Any CPU.ActiveCfg = Debug|Any CPU
		{BF023CC7-B3F3-4683-9B8C-23D37F2FF079}.Debug|Any CPU.Build.0 = Debug|Any CPU
		{BF023CC7-B3F3-4683-9B8C-23D37F2FF079}.Debug|x64.ActiveCfg = Debug|Any CPU
		{BF023CC7-B3F3-4683-9B8C-23D37F2FF079}.Debug|x64.Build.0 = Debug|Any CPU
		{BF023CC7-B3F3-4683-9B8C-23D37F2FF079}.Debug|x86.ActiveCfg = Debug|Any CPU
		{BF023CC7-B3F3-4683-9B8C-23D37F2FF079}.Debug|x86.Build.0 = Debug|Any CPU
		{BF023CC7-B3F3-4683-9B8C-23D37F2FF079}.Release|Any CPU.ActiveCfg = Release|Any CPU
		{BF023CC7-B3F3-4683-9B8C-23D37F2FF079}.Release|Any CPU.Build.0 = Release|Any CPU
		{BF023CC7-B3F3-4683-9B8C-23D37F2FF079}.Release|x64.ActiveCfg = Release|Any CPU
		{BF023CC7-B3F3-4683-9B8C-23D37F2FF079}.Release|x64.Build.0 = Release|Any CPU
		{BF023CC7-B3F3-4683-9B8C-23D37F2FF079}.Release|x86.ActiveCfg = Release|Any CPU
		{BF023CC7-B3F3-4683-9B8C-23D37F2FF079}.Release|x86.Build.0 = Release|Any CPU
		{60969680-9FA5-4549-96A8-B8A89E784322}.Debug|Any CPU.ActiveCfg = Debug|Any CPU
		{60969680-9FA5-4549-96A8-B8A89E784322}.Debug|Any CPU.Build.0 = Debug|Any CPU
		{60969680-9FA5-4549-96A8-B8A89E784322}.Debug|x64.ActiveCfg = Debug|Any CPU
		{60969680-9FA5-4549-96A8-B8A89E784322}.Debug|x64.Build.0 = Debug|Any CPU
		{60969680-9FA5-4549-96A8-B8A89E784322}.Debug|x86.ActiveCfg = Debug|Any CPU
		{60969680-9FA5-4549-96A8-B8A89E784322}.Debug|x86.Build.0 = Debug|Any CPU
		{60969680-9FA5-4549-96A8-B8A89E784322}.Release|Any CPU.ActiveCfg = Release|Any CPU
		{60969680-9FA5-4549-96A8-B8A89E784322}.Release|Any CPU.Build.0 = Release|Any CPU
		{60969680-9FA5-4549-96A8-B8A89E784322}.Release|x64.ActiveCfg = Release|Any CPU
		{60969680-9FA5-4549-96A8-B8A89E784322}.Release|x64.Build.0 = Release|Any CPU
		{60969680-9FA5-4549-96A8-B8A89E784322}.Release|x86.ActiveCfg = Release|Any CPU
		{60969680-9FA5-4549-96A8-B8A89E784322}.Release|x86.Build.0 = Release|Any CPU
		{8156FA81-4AEC-42B3-B8D8-9FB7E83AE56C}.Debug|Any CPU.ActiveCfg = Debug|Any CPU
		{8156FA81-4AEC-42B3-B8D8-9FB7E83AE56C}.Debug|Any CPU.Build.0 = Debug|Any CPU
		{8156FA81-4AEC-42B3-B8D8-9FB7E83AE56C}.Debug|x64.ActiveCfg = Debug|Any CPU
		{8156FA81-4AEC-42B3-B8D8-9FB7E83AE56C}.Debug|x64.Build.0 = Debug|Any CPU
		{8156FA81-4AEC-42B3-B8D8-9FB7E83AE56C}.Debug|x86.ActiveCfg = Debug|Any CPU
		{8156FA81-4AEC-42B3-B8D8-9FB7E83AE56C}.Debug|x86.Build.0 = Debug|Any CPU
		{8156FA81-4AEC-42B3-B8D8-9FB7E83AE56C}.Release|Any CPU.ActiveCfg = Release|Any CPU
		{8156FA81-4AEC-42B3-B8D8-9FB7E83AE56C}.Release|Any CPU.Build.0 = Release|Any CPU
		{8156FA81-4AEC-42B3-B8D8-9FB7E83AE56C}.Release|x64.ActiveCfg = Release|Any CPU
		{8156FA81-4AEC-42B3-B8D8-9FB7E83AE56C}.Release|x64.Build.0 = Release|Any CPU
		{8156FA81-4AEC-42B3-B8D8-9FB7E83AE56C}.Release|x86.ActiveCfg = Release|Any CPU
		{8156FA81-4AEC-42B3-B8D8-9FB7E83AE56C}.Release|x86.Build.0 = Release|Any CPU
	EndGlobalSection
	GlobalSection(SolutionProperties) = preSolution
		HideSolutionNode = FALSE
	EndGlobalSection
	GlobalSection(NestedProjects) = preSolution
		{C905939D-4252-4076-AE12-CA9A4179E182} = {827E0CD3-B72D-47B6-A68D-7590B98EB39B}
		{C0214E42-7168-41A8-BAC2-226A8424ECD5} = {827E0CD3-B72D-47B6-A68D-7590B98EB39B}
		{E9D705E5-15AE-46B2-861C-E025F7DAE829} = {827E0CD3-B72D-47B6-A68D-7590B98EB39B}
		{27A53B91-D4F9-4FFE-AD95-27D9FA7F18C8} = {827E0CD3-B72D-47B6-A68D-7590B98EB39B}
		{BA7B9784-697F-4C23-8959-1CDEADCC1578} = {0AB3BF05-4346-4AA6-1389-037BE0695223}
		{7DC35BAB-3EC8-4F90-B4D1-A0E3C0933135} = {5D20AA90-6969-D8BD-9DCD-8634F4692FDA}
		{91ABAB3C-0EF5-4053-BF05-207006C9721C} = {5D20AA90-6969-D8BD-9DCD-8634F4692FDA}
		{8D8E8FC6-A990-4524-9876-534AAFEC12B9} = {5D20AA90-6969-D8BD-9DCD-8634F4692FDA}
		{0B21FB7B-3555-8D46-0E33-1331B0AF7134} = {07C2787E-EAC7-C090-1BA3-A61EC2A24D84}
		{6920563C-F139-49FA-BE1F-17EE3E366215} = {0B21FB7B-3555-8D46-0E33-1331B0AF7134}
		{9A15176F-4F5F-4EB9-ABAD-2D60650756B5} = {07C2787E-EAC7-C090-1BA3-A61EC2A24D84}
		{1C900189-F2D2-D9C4-1693-B869B09761E9} = {07C2787E-EAC7-C090-1BA3-A61EC2A24D84}
		{BF023CC7-B3F3-4683-9B8C-23D37F2FF079} = {1C900189-F2D2-D9C4-1693-B869B09761E9}
		{60969680-9FA5-4549-96A8-B8A89E784322} = {827E0CD3-B72D-47B6-A68D-7590B98EB39B}
		{8156FA81-4AEC-42B3-B8D8-9FB7E83AE56C} = {827E0CD3-B72D-47B6-A68D-7590B98EB39B}
	EndGlobalSection
EndGlobal
